
Microsoft Visual Studio Solution File, Format Version 12.00
# Visual Studio Version 17
VisualStudioVersion = 17.8.34525.116
MinimumVisualStudioVersion = 10.0.40219.1
Project("{9A19103F-16F7-4668-BE54-9A1E7A4F7556}") = "Svg2Paint.Lib", "Svg2Paint.Lib\Svg2Paint.Lib.csproj", "{393AA903-9BCA-4F5D-B1C1-46D5DEA65E4F}"
EndProject
Project("{9A19103F-16F7-4668-BE54-9A1E7A4F7556}") = "Svg2Paint.UnitTest", "Svg2Paint.UnitTest\Svg2Paint.UnitTest.csproj", "{6362A344-6DD9-4EBF-A408-CDBAFDDC3EF2}"
EndProject
Project("{FAE04EC0-301F-11D3-BF4B-00C04F79EFBC}") = "Svg2Paint.Console", "Svg2Paint.Console\Svg2Paint.Console.csproj", "{42F01296-E3EF-42FA-9DE7-C454CC267C62}"
EndProject
Global
	GlobalSection(SolutionConfigurationPlatforms) = preSolution
		Debug|Any CPU = Debug|Any CPU
		Release|Any CPU = Release|Any CPU
	EndGlobalSection
	GlobalSection(ProjectConfigurationPlatforms) = postSolution
		{393AA903-9BCA-4F5D-B1C1-46D5DEA65E4F}.Debug|Any CPU.ActiveCfg = Debug|Any CPU
		{393AA903-9BCA-4F5D-B1C1-46D5DEA65E4F}.Debug|Any CPU.Build.0 = Debug|Any CPU
		{393AA903-9BCA-4F5D-B1C1-46D5DEA65E4F}.Release|Any CPU.ActiveCfg = Release|Any CPU
		{393AA903-9BCA-4F5D-B1C1-46D5DEA65E4F}.Release|Any CPU.Build.0 = Release|Any CPU
		{6362A344-6DD9-4EBF-A408-CDBAFDDC3EF2}.Debug|Any CPU.ActiveCfg = Debug|Any CPU
		{6362A344-6DD9-4EBF-A408-CDBAFDDC3EF2}.Debug|Any CPU.Build.0 = Debug|Any CPU
		{6362A344-6DD9-4EBF-A408-CDBAFDDC3EF2}.Release|Any CPU.ActiveCfg = Release|Any CPU
		{6362A344-6DD9-4EBF-A408-CDBAFDDC3EF2}.Release|Any CPU.Build.0 = Release|Any CPU
		{42F01296-E3EF-42FA-9DE7-C454CC267C62}.Debug|Any CPU.ActiveCfg = Debug|Any CPU
		{42F01296-E3EF-42FA-9DE7-C454CC267C62}.Debug|Any CPU.Build.0 = Debug|Any CPU
		{42F01296-E3EF-42FA-9DE7-C454CC267C62}.Release|Any CPU.ActiveCfg = Release|Any CPU
		{42F01296-E3EF-42FA-9DE7-C454CC267C62}.Release|Any CPU.Build.0 = Release|Any CPU
	EndGlobalSection
	GlobalSection(SolutionProperties) = preSolution
		HideSolutionNode = FALSE
	EndGlobalSection
	GlobalSection(ExtensibilityGlobals) = postSolution
		SolutionGuid = {5EA10D00-B989-4E6C-8AE1-134509A8BD58}
	EndGlobalSection
EndGlobal
